<?xml version="1.0" encoding="utf-8"?>
<Project ToolsVersion="4.0" xmlns="http://schemas.microsoft.com/developer/msbuild/2003">
  <ItemGroup>
    <Filter Include="Source Files">
      <UniqueIdentifier>{4FC737F1-C7A5-4376-A066-2A32D752A2FF}</UniqueIdentifier>
      <Extensions>cpp;c;cc;cxx;c++;cppm;ixx;def;odl;idl;hpj;bat;asm;asmx</Extensions>
    </Filter>
    <Filter Include="GameAPI">
      <UniqueIdentifier>{2b00ea04-a1d3-4639-b021-f84d63a0646a}</UniqueIdentifier>
    </Filter>
    <Filter Include="Source Files\Objects">
      <UniqueIdentifier>{9ea60711-b902-46e4-a0fd-554f746f5f71}</UniqueIdentifier>
    </Filter>
    <Filter Include="Source Files\Objects\NexusIntro">
      <UniqueIdentifier>{217af9ff-fa8b-41b8-bfc5-fa580801c1bf}</UniqueIdentifier>
    </Filter>
    <Filter Include="Source Files\Objects\NexusGlobals">
      <UniqueIdentifier>{2e09f982-cdbc-4b81-a05d-0fab5a097e76}</UniqueIdentifier>
    </Filter>
    <Filter Include="Source Files\Objects\NexusTitle">
      <UniqueIdentifier>{d02400e7-caf5-4d32-9e11-6e463aad8341}</UniqueIdentifier>
    </Filter>
    <Filter Include="Source Files\Objects\SSZ">
      <UniqueIdentifier>{37b6e23e-a7a7-4617-b459-ab2a436c7197}</UniqueIdentifier>
    </Filter>
    <Filter Include="Source Files\Objects\Players">
      <UniqueIdentifier>{eb8f823d-9b70-4025-842a-2672fcd70c12}</UniqueIdentifier>
    </Filter>
  </ItemGroup>
  <ItemGroup>
    <ClCompile Include="SonicNexus.cpp">
      <Filter>Source Files</Filter>
    </ClCompile>
    <ClCompile Include="..\RSDKv5-GameAPI\CPP\GameAPI\Game.cpp">
      <Filter>Source Files</Filter>
    </ClCompile>
    <ClCompile Include="Objects\Players\Player.cpp">
      <Filter>Source Files\Objects\Players</Filter>
    </ClCompile>
    <ClCompile Include="Objects\NexusGlobals\Music.cpp">
      <Filter>Source Files\Objects\NexusGlobals</Filter>
    </ClCompile>
    <ClCompile Include="Objects\NexusGlobals\Camera.cpp">
      <Filter>Source Files\Objects\NexusGlobals</Filter>
    </ClCompile>
    <ClCompile Include="Objects\SSZ\BlueShield.cpp">
      <Filter>Source Files\Objects\SSZ</Filter>
    </ClCompile>
    <ClCompile Include="Objects\NexusGlobals\Ring.cpp">
      <Filter>Source Files\Objects\NexusGlobals</Filter>
    </ClCompile>
    <ClCompile Include="Objects\NexusGlobals\Invincibility.cpp">
      <Filter>Source Files\Objects\NexusGlobals</Filter>
    </ClCompile>
  </ItemGroup>
  <ItemGroup>
    <ClInclude Include="SonicNexus.hpp">
      <Filter>Source Files</Filter>
    </ClInclude>
    <ClInclude Include="Objects\All.hpp">
      <Filter>Source Files\Objects</Filter>
    </ClInclude>
    <ClInclude Include="..\RSDKv5-GameAPI\CPP\GameAPI\Game.hpp">
      <Filter>GameAPI</Filter>
    </ClInclude>
    <ClInclude Include="..\RSDKv5-GameAPI\CPP\GameAPI\GameObjects.hpp">
      <Filter>GameAPI</Filter>
    </ClInclude>
    <ClInclude Include="..\RSDKv5-GameAPI\CPP\GameAPI\GameVariables.hpp">
      <Filter>GameAPI</Filter>
    </ClInclude>
    <ClInclude Include="Objects\Players\Player.hpp">
      <Filter>Source Files\Objects\Players</Filter>
    </ClInclude>
    <ClInclude Include="Objects\NexusGlobals\Music.hpp">
      <Filter>Source Files\Objects\NexusGlobals</Filter>
    </ClInclude>
    <ClInclude Include="Objects\NexusGlobals\Camera.hpp">
      <Filter>Source Files\Objects\NexusGlobals</Filter>
    </ClInclude>
    <ClInclude Include="Objects\SSZ\BlueShield.hpp">
      <Filter>Source Files\Objects\SSZ</Filter>
    </ClInclude>
    <ClInclude Include="Objects\NexusGlobals\Ring.hpp">
      <Filter>Source Files\Objects\NexusGlobals</Filter>
    </ClInclude>
    <ClInclude Include="Objects\NexusGlobals\Invincibility.hpp">
      <Filter>Source Files\Objects\NexusGlobals</Filter>
    </ClInclude>
  </ItemGroup>
</Project>